
Microsoft Visual Studio Solution File, Format Version 12.00
# Visual Studio Version 17
VisualStudioVersion = 17.1.32328.378
MinimumVisualStudioVersion = 10.0.40219.1
Project("{9A19103F-16F7-4668-BE54-9A1E7A4F7556}") = "API", "API\API.csproj", "{23942706-F14A-4BBF-83D9-F0645CF16F01}"
EndProject
Project("{9A19103F-16F7-4668-BE54-9A1E7A4F7556}") = "Application", "Application\Application.csproj", "{D8F92B8B-BFE6-4A93-8A73-765B621DA30C}"
EndProject
Project("{9A19103F-16F7-4668-BE54-9A1E7A4F7556}") = "Persistence", "Persistence\Persistence.csproj", "{89A3D776-0A39-4905-919A-6EC96C86AC1D}"
EndProject
Project("{9A19103F-16F7-4668-BE54-9A1E7A4F7556}") = "Domain", "Domain\Domain.csproj", "{6CAD3BAB-A74B-454D-9AAE-B77731D4C310}"
EndProject
Project("{9A19103F-16F7-4668-BE54-9A1E7A4F7556}") = "Infrastucture", "Infrastucture\Infrastucture.csproj", "{1E22E31C-1039-4A8F-816A-F90ABAD323D0}"
EndProject
Project("{FAE04EC0-301F-11D3-BF4B-00C04F79EFBC}") = "Tests", "Tests\Tests.csproj", "{2140B2E1-568B-4613-8457-CC0262F33890}"
EndProject
Global
	GlobalSection(SolutionConfigurationPlatforms) = preSolution
		Debug|Any CPU = Debug|Any CPU
		Debug|x64 = Debug|x64
		Debug|x86 = Debug|x86
		Release|Any CPU = Release|Any CPU
		Release|x64 = Release|x64
		Release|x86 = Release|x86
	EndGlobalSection
	GlobalSection(ProjectConfigurationPlatforms) = postSolution
		{23942706-F14A-4BBF-83D9-F0645CF16F01}.Debug|Any CPU.ActiveCfg = Debug|Any CPU
		{23942706-F14A-4BBF-83D9-F0645CF16F01}.Debug|Any CPU.Build.0 = Debug|Any CPU
		{23942706-F14A-4BBF-83D9-F0645CF16F01}.Debug|x64.ActiveCfg = Debug|Any CPU
		{23942706-F14A-4BBF-83D9-F0645CF16F01}.Debug|x64.Build.0 = Debug|Any CPU
		{23942706-F14A-4BBF-83D9-F0645CF16F01}.Debug|x86.ActiveCfg = Debug|Any CPU
		{23942706-F14A-4BBF-83D9-F0645CF16F01}.Debug|x86.Build.0 = Debug|Any CPU
		{23942706-F14A-4BBF-83D9-F0645CF16F01}.Release|Any CPU.ActiveCfg = Release|Any CPU
		{23942706-F14A-4BBF-83D9-F0645CF16F01}.Release|Any CPU.Build.0 = Release|Any CPU
		{23942706-F14A-4BBF-83D9-F0645CF16F01}.Release|x64.ActiveCfg = Release|Any CPU
		{23942706-F14A-4BBF-83D9-F0645CF16F01}.Release|x64.Build.0 = Release|Any CPU
		{23942706-F14A-4BBF-83D9-F0645CF16F01}.Release|x86.ActiveCfg = Release|Any CPU
		{23942706-F14A-4BBF-83D9-F0645CF16F01}.Release|x86.Build.0 = Release|Any CPU
		{D8F92B8B-BFE6-4A93-8A73-765B621DA30C}.Debug|Any CPU.ActiveCfg = Debug|Any CPU
		{D8F92B8B-BFE6-4A93-8A73-765B621DA30C}.Debug|Any CPU.Build.0 = Debug|Any CPU
		{D8F92B8B-BFE6-4A93-8A73-765B621DA30C}.Debug|x64.ActiveCfg = Debug|Any CPU
		{D8F92B8B-BFE6-4A93-8A73-765B621DA30C}.Debug|x64.Build.0 = Debug|Any CPU
		{D8F92B8B-BFE6-4A93-8A73-765B621DA30C}.Debug|x86.ActiveCfg = Debug|Any CPU
		{D8F92B8B-BFE6-4A93-8A73-765B621DA30C}.Debug|x86.Build.0 = Debug|Any CPU
		{D8F92B8B-BFE6-4A93-8A73-765B621DA30C}.Release|Any CPU.ActiveCfg = Release|Any CPU
		{D8F92B8B-BFE6-4A93-8A73-765B621DA30C}.Release|Any CPU.Build.0 = Release|Any CPU
		{D8F92B8B-BFE6-4A93-8A73-765B621DA30C}.Release|x64.ActiveCfg = Release|Any CPU
		{D8F92B8B-BFE6-4A93-8A73-765B621DA30C}.Release|x64.Build.0 = Release|Any CPU
		{D8F92B8B-BFE6-4A93-8A73-765B621DA30C}.Release|x86.ActiveCfg = Release|Any CPU
		{D8F92B8B-BFE6-4A93-8A73-765B621DA30C}.Release|x86.Build.0 = Release|Any CPU
		{89A3D776-0A39-4905-919A-6EC96C86AC1D}.Debug|Any CPU.ActiveCfg = Debug|Any CPU
		{89A3D776-0A39-4905-919A-6EC96C86AC1D}.Debug|Any CPU.Build.0 = Debug|Any CPU
		{89A3D776-0A39-4905-919A-6EC96C86AC1D}.Debug|x64.ActiveCfg = Debug|Any CPU
		{89A3D776-0A39-4905-919A-6EC96C86AC1D}.Debug|x64.Build.0 = Debug|Any CPU
		{89A3D776-0A39-4905-919A-6EC96C86AC1D}.Debug|x86.ActiveCfg = Debug|Any CPU
		{89A3D776-0A39-4905-919A-6EC96C86AC1D}.Debug|x86.Build.0 = Debug|Any CPU
		{89A3D776-0A39-4905-919A-6EC96C86AC1D}.Release|Any CPU.ActiveCfg = Release|Any CPU
		{89A3D776-0A39-4905-919A-6EC96C86AC1D}.Release|Any CPU.Build.0 = Release|Any CPU
		{89A3D776-0A39-4905-919A-6EC96C86AC1D}.Release|x64.ActiveCfg = Release|Any CPU
		{89A3D776-0A39-4905-919A-6EC96C86AC1D}.Release|x64.Build.0 = Release|Any CPU
		{89A3D776-0A39-4905-919A-6EC96C86AC1D}.Release|x86.ActiveCfg = Release|Any CPU
		{89A3D776-0A39-4905-919A-6EC96C86AC1D}.Release|x86.Build.0 = Release|Any CPU
		{6CAD3BAB-A74B-454D-9AAE-B77731D4C310}.Debug|Any CPU.ActiveCfg = Debug|Any CPU
		{6CAD3BAB-A74B-454D-9AAE-B77731D4C310}.Debug|Any CPU.Build.0 = Debug|Any CPU
		{6CAD3BAB-A74B-454D-9AAE-B77731D4C310}.Debug|x64.ActiveCfg = Debug|Any CPU
		{6CAD3BAB-A74B-454D-9AAE-B77731D4C310}.Debug|x64.Build.0 = Debug|Any CPU
		{6CAD3BAB-A74B-454D-9AAE-B77731D4C310}.Debug|x86.ActiveCfg = Debug|Any CPU
		{6CAD3BAB-A74B-454D-9AAE-B77731D4C310}.Debug|x86.Build.0 = Debug|Any CPU
		{6CAD3BAB-A74B-454D-9AAE-B77731D4C310}.Release|Any CPU.ActiveCfg = Release|Any CPU
		{6CAD3BAB-A74B-454D-9AAE-B77731D4C310}.Release|Any CPU.Build.0 = Release|Any CPU
		{6CAD3BAB-A74B-454D-9AAE-B77731D4C310}.Release|x64.ActiveCfg = Release|Any CPU
		{6CAD3BAB-A74B-454D-9AAE-B77731D4C310}.Release|x64.Build.0 = Release|Any CPU
		{6CAD3BAB-A74B-454D-9AAE-B77731D4C310}.Release|x86.ActiveCfg = Release|Any CPU
		{6CAD3BAB-A74B-454D-9AAE-B77731D4C310}.Release|x86.Build.0 = Release|Any CPU
		{1E22E31C-1039-4A8F-816A-F90ABAD323D0}.Debug|Any CPU.ActiveCfg = Debug|Any CPU
		{1E22E31C-1039-4A8F-816A-F90ABAD323D0}.Debug|Any CPU.Build.0 = Debug|Any CPU
		{1E22E31C-1039-4A8F-816A-F90ABAD323D0}.Debug|x64.ActiveCfg = Debug|Any CPU
		{1E22E31C-1039-4A8F-816A-F90ABAD323D0}.Debug|x64.Build.0 = Debug|Any CPU
		{1E22E31C-1039-4A8F-816A-F90ABAD323D0}.Debug|x86.ActiveCfg = Debug|Any CPU
		{1E22E31C-1039-4A8F-816A-F90ABAD323D0}.Debug|x86.Build.0 = Debug|Any CPU
		{1E22E31C-1039-4A8F-816A-F90ABAD323D0}.Release|Any CPU.ActiveCfg = Release|Any CPU
		{1E22E31C-1039-4A8F-816A-F90ABAD323D0}.Release|Any CPU.Build.0 = Release|Any CPU
		{1E22E31C-1039-4A8F-816A-F90ABAD323D0}.Release|x64.ActiveCfg = Release|Any CPU
		{1E22E31C-1039-4A8F-816A-F90ABAD323D0}.Release|x64.Build.0 = Release|Any CPU
		{1E22E31C-1039-4A8F-816A-F90ABAD323D0}.Release|x86.ActiveCfg = Release|Any CPU
		{1E22E31C-1039-4A8F-816A-F90ABAD323D0}.Release|x86.Build.0 = Release|Any CPU
		{2140B2E1-568B-4613-8457-CC0262F33890}.Debug|Any CPU.ActiveCfg = Debug|Any CPU
		{2140B2E1-568B-4613-8457-CC0262F33890}.Debug|Any CPU.Build.0 = Debug|Any CPU
		{2140B2E1-568B-4613-8457-CC0262F33890}.Debug|x64.ActiveCfg = Debug|Any CPU
		{2140B2E1-568B-4613-8457-CC0262F33890}.Debug|x64.Build.0 = Debug|Any CPU
		{2140B2E1-568B-4613-8457-CC0262F33890}.Debug|x86.ActiveCfg = Debug|Any CPU
		{2140B2E1-568B-4613-8457-CC0262F33890}.Debug|x86.Build.0 = Debug|Any CPU
		{2140B2E1-568B-4613-8457-CC0262F33890}.Release|Any CPU.ActiveCfg = Release|Any CPU
		{2140B2E1-568B-4613-8457-CC0262F33890}.Release|Any CPU.Build.0 = Release|Any CPU
		{2140B2E1-568B-4613-8457-CC0262F33890}.Release|x64.ActiveCfg = Release|Any CPU
		{2140B2E1-568B-4613-8457-CC0262F33890}.Release|x64.Build.0 = Release|Any CPU
		{2140B2E1-568B-4613-8457-CC0262F33890}.Release|x86.ActiveCfg = Release|Any CPU
		{2140B2E1-568B-4613-8457-CC0262F33890}.Release|x86.Build.0 = Release|Any CPU
	EndGlobalSection
	GlobalSection(SolutionProperties) = preSolution
		HideSolutionNode = FALSE
	EndGlobalSection
	GlobalSection(ExtensibilityGlobals) = postSolution
		SolutionGuid = {E32D1F08-D98B-4788-86B4-6378BF5ADEF5}
	EndGlobalSection
EndGlobal
